
Microsoft Visual Studio Solution File, Format Version 12.00
# Visual Studio Version 17
VisualStudioVersion = 17.7.34009.444
MinimumVisualStudioVersion = 10.0.40219.1
Project("{FAE04EC0-301F-11D3-BF4B-00C04F79EFBC}") = "Gestion", "Gestion\Gestion.csproj", "{89D69FE2-7EB3-4818-BD1C-DABFC6128731}"
EndProject
Global
	GlobalSection(SolutionConfigurationPlatforms) = preSolution
		Debug|Any CPU = Debug|Any CPU
		Release|Any CPU = Release|Any CPU
	EndGlobalSection
	GlobalSection(ProjectConfigurationPlatforms) = postSolution
		{89D69FE2-7EB3-4818-BD1C-DABFC6128731}.Debug|Any CPU.ActiveCfg = Debug|Any CPU
		{89D69FE2-7EB3-4818-BD1C-DABFC6128731}.Debug|Any CPU.Build.0 = Debug|Any CPU
		{89D69FE2-7EB3-4818-BD1C-DABFC6128731}.Release|Any CPU.ActiveCfg = Release|Any CPU
		{89D69FE2-7EB3-4818-BD1C-DABFC6128731}.Release|Any CPU.Build.0 = Release|Any CPU
	EndGlobalSection
	GlobalSection(SolutionProperties) = preSolution
		HideSolutionNode = FALSE
	EndGlobalSection
	GlobalSection(ExtensibilityGlobals) = postSolution
		SolutionGuid = {7103CD51-4D01-4353-8AAC-7C745E64C3EC}
	EndGlobalSection
EndGlobal
